// !$*UTF8*$!
{
	archiveVersion = 1;
	classes = {
	};
	objectVersion = 50;
	objects = {

/* Begin PBXBuildFile section */
		0257835D267A6D3F00AC9C5C /* DictionaryEncoder.framework in Frameworks */ = {isa = PBXBuildFile; fileRef = 02578353267A6D3F00AC9C5C /* DictionaryEncoder.framework */; };
		02578362267A6D3F00AC9C5C /* DictionaryEncoderTests.swift in Sources */ = {isa = PBXBuildFile; fileRef = 02578361267A6D3F00AC9C5C /* DictionaryEncoderTests.swift */; };
		02578364267A6D3F00AC9C5C /* DictionaryEncoder.h in Headers */ = {isa = PBXBuildFile; fileRef = 02578356267A6D3F00AC9C5C /* DictionaryEncoder.h */; settings = {ATTRIBUTES = (Public, ); }; };
		0257837B267A6D5900AC9C5C /* DictionaryEncoder.swift in Sources */ = {isa = PBXBuildFile; fileRef = 02578375267A6D5800AC9C5C /* DictionaryEncoder.swift */; };
		0257837C267A6D5900AC9C5C /* DictionaryKeyedEncodingContainer.swift in Sources */ = {isa = PBXBuildFile; fileRef = 02578376267A6D5800AC9C5C /* DictionaryKeyedEncodingContainer.swift */; };
		0257837D267A6D5900AC9C5C /* DicionaryEncoder.h in Headers */ = {isa = PBXBuildFile; fileRef = 02578377267A6D5800AC9C5C /* DicionaryEncoder.h */; };
		0257837F267A6D5900AC9C5C /* UnkeyedValuesEncoder.swift in Sources */ = {isa = PBXBuildFile; fileRef = 02578379267A6D5800AC9C5C /* UnkeyedValuesEncoder.swift */; };
		02578380267A6D5900AC9C5C /* SingleValueEncoder.swift in Sources */ = {isa = PBXBuildFile; fileRef = 0257837A267A6D5900AC9C5C /* SingleValueEncoder.swift */; };
		02578389267A6E5F00AC9C5C /* Person.swift in Sources */ = {isa = PBXBuildFile; fileRef = 02578388267A6E5F00AC9C5C /* Person.swift */; };
		726AC4CB267A94A700CE9B51 /* KeyedValues.swift in Sources */ = {isa = PBXBuildFile; fileRef = 726AC4CA267A94A700CE9B51 /* KeyedValues.swift */; };
		726AC4CD267A966400CE9B51 /* UnkeyedValues.swift in Sources */ = {isa = PBXBuildFile; fileRef = 726AC4CC267A966400CE9B51 /* UnkeyedValues.swift */; };
/* End PBXBuildFile section */

/* Begin PBXContainerItemProxy section */
		0257835E267A6D3F00AC9C5C /* PBXContainerItemProxy */ = {
			isa = PBXContainerItemProxy;
			containerPortal = 0257834A267A6D3F00AC9C5C /* Project object */;
			proxyType = 1;
			remoteGlobalIDString = 02578352267A6D3F00AC9C5C;
			remoteInfo = DictionaryEncoder;
		};
/* End PBXContainerItemProxy section */

/* Begin PBXFileReference section */
		02578353267A6D3F00AC9C5C /* DictionaryEncoder.framework */ = {isa = PBXFileReference; explicitFileType = wrapper.framework; includeInIndex = 0; path = DictionaryEncoder.framework; sourceTree = BUILT_PRODUCTS_DIR; };
		02578356267A6D3F00AC9C5C /* DictionaryEncoder.h */ = {isa = PBXFileReference; lastKnownFileType = sourcecode.c.h; path = DictionaryEncoder.h; sourceTree = "<group>"; };
		02578357267A6D3F00AC9C5C /* Info.plist */ = {isa = PBXFileReference; lastKnownFileType = text.plist.xml; path = Info.plist; sourceTree = "<group>"; };
		0257835C267A6D3F00AC9C5C /* DictionaryEncoderTests.xctest */ = {isa = PBXFileReference; explicitFileType = wrapper.cfbundle; includeInIndex = 0; path = DictionaryEncoderTests.xctest; sourceTree = BUILT_PRODUCTS_DIR; };
		02578361267A6D3F00AC9C5C /* DictionaryEncoderTests.swift */ = {isa = PBXFileReference; lastKnownFileType = sourcecode.swift; path = DictionaryEncoderTests.swift; sourceTree = "<group>"; };
		02578363267A6D3F00AC9C5C /* Info.plist */ = {isa = PBXFileReference; lastKnownFileType = text.plist.xml; path = Info.plist; sourceTree = "<group>"; };
		02578375267A6D5800AC9C5C /* DictionaryEncoder.swift */ = {isa = PBXFileReference; fileEncoding = 4; lastKnownFileType = sourcecode.swift; path = DictionaryEncoder.swift; sourceTree = "<group>"; };
		02578376267A6D5800AC9C5C /* DictionaryKeyedEncodingContainer.swift */ = {isa = PBXFileReference; fileEncoding = 4; lastKnownFileType = sourcecode.swift; path = DictionaryKeyedEncodingContainer.swift; sourceTree = "<group>"; };
		02578377267A6D5800AC9C5C /* DicionaryEncoder.h */ = {isa = PBXFileReference; fileEncoding = 4; lastKnownFileType = sourcecode.c.h; path = DicionaryEncoder.h; sourceTree = "<group>"; };
		02578379267A6D5800AC9C5C /* UnkeyedValuesEncoder.swift */ = {isa = PBXFileReference; fileEncoding = 4; lastKnownFileType = sourcecode.swift; path = UnkeyedValuesEncoder.swift; sourceTree = "<group>"; };
		0257837A267A6D5900AC9C5C /* SingleValueEncoder.swift */ = {isa = PBXFileReference; fileEncoding = 4; lastKnownFileType = sourcecode.swift; path = SingleValueEncoder.swift; sourceTree = "<group>"; };
		02578388267A6E5F00AC9C5C /* Person.swift */ = {isa = PBXFileReference; lastKnownFileType = sourcecode.swift; path = Person.swift; sourceTree = "<group>"; };
		726AC4CA267A94A700CE9B51 /* KeyedValues.swift */ = {isa = PBXFileReference; lastKnownFileType = sourcecode.swift; path = KeyedValues.swift; sourceTree = "<group>"; };
		726AC4CC267A966400CE9B51 /* UnkeyedValues.swift */ = {isa = PBXFileReference; lastKnownFileType = sourcecode.swift; path = UnkeyedValues.swift; sourceTree = "<group>"; };
/* End PBXFileReference section */

/* Begin PBXFrameworksBuildPhase section */
		02578350267A6D3F00AC9C5C /* Frameworks */ = {
			isa = PBXFrameworksBuildPhase;
			buildActionMask = 2147483647;
			files = (
			);
			runOnlyForDeploymentPostprocessing = 0;
		};
		02578359267A6D3F00AC9C5C /* Frameworks */ = {
			isa = PBXFrameworksBuildPhase;
			buildActionMask = 2147483647;
			files = (
				0257835D267A6D3F00AC9C5C /* DictionaryEncoder.framework in Frameworks */,
			);
			runOnlyForDeploymentPostprocessing = 0;
		};
/* End PBXFrameworksBuildPhase section */

/* Begin PBXGroup section */
		02578349267A6D3F00AC9C5C = {
			isa = PBXGroup;
			children = (
				02578355267A6D3F00AC9C5C /* DictionaryEncoder */,
				02578360267A6D3F00AC9C5C /* DictionaryEncoderTests */,
				02578354267A6D3F00AC9C5C /* Products */,
			);
			sourceTree = "<group>";
		};
		02578354267A6D3F00AC9C5C /* Products */ = {
			isa = PBXGroup;
			children = (
				02578353267A6D3F00AC9C5C /* DictionaryEncoder.framework */,
				0257835C267A6D3F00AC9C5C /* DictionaryEncoderTests.xctest */,
			);
			name = Products;
			sourceTree = "<group>";
		};
		02578355267A6D3F00AC9C5C /* DictionaryEncoder */ = {
			isa = PBXGroup;
			children = (
				02578377267A6D5800AC9C5C /* DicionaryEncoder.h */,
				02578375267A6D5800AC9C5C /* DictionaryEncoder.swift */,
				02578376267A6D5800AC9C5C /* DictionaryKeyedEncodingContainer.swift */,
				0257837A267A6D5900AC9C5C /* SingleValueEncoder.swift */,
				02578379267A6D5800AC9C5C /* UnkeyedValuesEncoder.swift */,
				02578356267A6D3F00AC9C5C /* DictionaryEncoder.h */,
				02578357267A6D3F00AC9C5C /* Info.plist */,
			);
			path = DictionaryEncoder;
			sourceTree = "<group>";
		};
		02578360267A6D3F00AC9C5C /* DictionaryEncoderTests */ = {
			isa = PBXGroup;
			children = (
				02578388267A6E5F00AC9C5C /* Person.swift */,
				726AC4CA267A94A700CE9B51 /* KeyedValues.swift */,
				726AC4CC267A966400CE9B51 /* UnkeyedValues.swift */,
				02578361267A6D3F00AC9C5C /* DictionaryEncoderTests.swift */,
				02578363267A6D3F00AC9C5C /* Info.plist */,
			);
			path = DictionaryEncoderTests;
			sourceTree = "<group>";
		};
/* End PBXGroup section */

/* Begin PBXHeadersBuildPhase section */
		0257834E267A6D3F00AC9C5C /* Headers */ = {
			isa = PBXHeadersBuildPhase;
			buildActionMask = 2147483647;
			files = (
				0257837D267A6D5900AC9C5C /* DicionaryEncoder.h in Headers */,
				02578364267A6D3F00AC9C5C /* DictionaryEncoder.h in Headers */,
			);
			runOnlyForDeploymentPostprocessing = 0;
		};
/* End PBXHeadersBuildPhase section */

/* Begin PBXNativeTarget section */
		02578352267A6D3F00AC9C5C /* DictionaryEncoder */ = {
			isa = PBXNativeTarget;
			buildConfigurationList = 02578367267A6D3F00AC9C5C /* Build configuration list for PBXNativeTarget "DictionaryEncoder" */;
			buildPhases = (
				0257834E267A6D3F00AC9C5C /* Headers */,
				0257834F267A6D3F00AC9C5C /* Sources */,
				02578350267A6D3F00AC9C5C /* Frameworks */,
				02578351267A6D3F00AC9C5C /* Resources */,
			);
			buildRules = (
			);
			dependencies = (
			);
			name = DictionaryEncoder;
			productName = DictionaryEncoder;
			productReference = 02578353267A6D3F00AC9C5C /* DictionaryEncoder.framework */;
			productType = "com.apple.product-type.framework";
		};
		0257835B267A6D3F00AC9C5C /* DictionaryEncoderTests */ = {
			isa = PBXNativeTarget;
			buildConfigurationList = 0257836A267A6D3F00AC9C5C /* Build configuration list for PBXNativeTarget "DictionaryEncoderTests" */;
			buildPhases = (
				02578358267A6D3F00AC9C5C /* Sources */,
				02578359267A6D3F00AC9C5C /* Frameworks */,
				0257835A267A6D3F00AC9C5C /* Resources */,
			);
			buildRules = (
			);
			dependencies = (
				0257835F267A6D3F00AC9C5C /* PBXTargetDependency */,
			);
			name = DictionaryEncoderTests;
			productName = DictionaryEncoderTests;
			productReference = 0257835C267A6D3F00AC9C5C /* DictionaryEncoderTests.xctest */;
			productType = "com.apple.product-type.bundle.unit-test";
		};
/* End PBXNativeTarget section */

/* Begin PBXProject section */
		0257834A267A6D3F00AC9C5C /* Project object */ = {
			isa = PBXProject;
			attributes = {
				LastSwiftUpdateCheck = 1240;
				LastUpgradeCheck = 1240;
				TargetAttributes = {
					02578352267A6D3F00AC9C5C = {
						CreatedOnToolsVersion = 12.4;
						LastSwiftMigration = 1240;
					};
					0257835B267A6D3F00AC9C5C = {
						CreatedOnToolsVersion = 12.4;
					};
				};
			};
			buildConfigurationList = 0257834D267A6D3F00AC9C5C /* Build configuration list for PBXProject "DictionaryEncoder" */;
			compatibilityVersion = "Xcode 9.3";
			developmentRegion = en;
			hasScannedForEncodings = 0;
			knownRegions = (
				en,
				Base,
			);
			mainGroup = 02578349267A6D3F00AC9C5C;
			productRefGroup = 02578354267A6D3F00AC9C5C /* Products */;
			projectDirPath = "";
			projectRoot = "";
			targets = (
				02578352267A6D3F00AC9C5C /* DictionaryEncoder */,
				0257835B267A6D3F00AC9C5C /* DictionaryEncoderTests */,
			);
		};
/* End PBXProject section */

/* Begin PBXResourcesBuildPhase section */
		02578351267A6D3F00AC9C5C /* Resources */ = {
			isa = PBXResourcesBuildPhase;
			buildActionMask = 2147483647;
			files = (
			);
			runOnlyForDeploymentPostprocessing = 0;
		};
		0257835A267A6D3F00AC9C5C /* Resources */ = {
			isa = PBXResourcesBuildPhase;
			buildActionMask = 2147483647;
			files = (
			);
			runOnlyForDeploymentPostprocessing = 0;
		};
/* End PBXResourcesBuildPhase section */

/* Begin PBXSourcesBuildPhase section */
		0257834F267A6D3F00AC9C5C /* Sources */ = {
			isa = PBXSourcesBuildPhase;
			buildActionMask = 2147483647;
			files = (
				02578380267A6D5900AC9C5C /* SingleValueEncoder.swift in Sources */,
				0257837B267A6D5900AC9C5C /* DictionaryEncoder.swift in Sources */,
				0257837F267A6D5900AC9C5C /* UnkeyedValuesEncoder.swift in Sources */,
				0257837C267A6D5900AC9C5C /* DictionaryKeyedEncodingContainer.swift in Sources */,
			);
			runOnlyForDeploymentPostprocessing = 0;
		};
		02578358267A6D3F00AC9C5C /* Sources */ = {
			isa = PBXSourcesBuildPhase;
			buildActionMask = 2147483647;
			files = (
				02578389267A6E5F00AC9C5C /* Person.swift in Sources */,
				726AC4CB267A94A700CE9B51 /* KeyedValues.swift in Sources */,
				02578362267A6D3F00AC9C5C /* DictionaryEncoderTests.swift in Sources */,
				726AC4CD267A966400CE9B51 /* UnkeyedValues.swift in Sources */,
			);
			runOnlyForDeploymentPostprocessing = 0;
		};
/* End PBXSourcesBuildPhase section */

/* Begin PBXTargetDependency section */
		0257835F267A6D3F00AC9C5C /* PBXTargetDependency */ = {
			isa = PBXTargetDependency;
			target = 02578352267A6D3F00AC9C5C /* DictionaryEncoder */;
			targetProxy = 0257835E267A6D3F00AC9C5C /* PBXContainerItemProxy */;
		};
/* End PBXTargetDependency section */

/* Begin XCBuildConfiguration section */
		02578365267A6D3F00AC9C5C /* Debug */ = {
			isa = XCBuildConfiguration;
			buildSettings = {
				ALWAYS_SEARCH_USER_PATHS = NO;
				CLANG_ANALYZER_NONNULL = YES;
				CLANG_ANALYZER_NUMBER_OBJECT_CONVERSION = YES_AGGRESSIVE;
				CLANG_CXX_LANGUAGE_STANDARD = "gnu++14";
				CLANG_CXX_LIBRARY = "libc++";
				CLANG_ENABLE_MODULES = YES;
				CLANG_ENABLE_OBJC_ARC = YES;
				CLANG_ENABLE_OBJC_WEAK = YES;
				CLANG_WARN_BLOCK_CAPTURE_AUTORELEASING = YES;
				CLANG_WARN_BOOL_CONVERSION = YES;
				CLANG_WARN_COMMA = YES;
				CLANG_WARN_CONSTANT_CONVERSION = YES;
				CLANG_WARN_DEPRECATED_OBJC_IMPLEMENTATIONS = YES;
				CLANG_WARN_DIRECT_OBJC_ISA_USAGE = YES_ERROR;
				CLANG_WARN_DOCUMENTATION_COMMENTS = YES;
				CLANG_WARN_EMPTY_BODY = YES;
				CLANG_WARN_ENUM_CONVERSION = YES;
				CLANG_WARN_INFINITE_RECURSION = YES;
				CLANG_WARN_INT_CONVERSION = YES;
				CLANG_WARN_NON_LITERAL_NULL_CONVERSION = YES;
				CLANG_WARN_OBJC_IMPLICIT_RETAIN_SELF = YES;
				CLANG_WARN_OBJC_LITERAL_CONVERSION = YES;
				CLANG_WARN_OBJC_ROOT_CLASS = YES_ERROR;
				CLANG_WARN_QUOTED_INCLUDE_IN_FRAMEWORK_HEADER = YES;
				CLANG_WARN_RANGE_LOOP_ANALYSIS = YES;
				CLANG_WARN_STRICT_PROTOTYPES = YES;
				CLANG_WARN_SUSPICIOUS_MOVE = YES;
				CLANG_WARN_UNGUARDED_AVAILABILITY = YES_AGGRESSIVE;
				CLANG_WARN_UNREACHABLE_CODE = YES;
				CLANG_WARN__DUPLICATE_METHOD_MATCH = YES;
				COPY_PHASE_STRIP = NO;
				CURRENT_PROJECT_VERSION = 1;
				DEBUG_INFORMATION_FORMAT = dwarf;
				ENABLE_STRICT_OBJC_MSGSEND = YES;
				ENABLE_TESTABILITY = YES;
				GCC_C_LANGUAGE_STANDARD = gnu11;
				GCC_DYNAMIC_NO_PIC = NO;
				GCC_NO_COMMON_BLOCKS = YES;
				GCC_OPTIMIZATION_LEVEL = 0;
				GCC_PREPROCESSOR_DEFINITIONS = (
					"DEBUG=1",
					"$(inherited)",
				);
				GCC_WARN_64_TO_32_BIT_CONVERSION = YES;
				GCC_WARN_ABOUT_RETURN_TYPE = YES_ERROR;
				GCC_WARN_UNDECLARED_SELECTOR = YES;
				GCC_WARN_UNINITIALIZED_AUTOS = YES_AGGRESSIVE;
				GCC_WARN_UNUSED_FUNCTION = YES;
				GCC_WARN_UNUSED_VARIABLE = YES;
				IPHONEOS_DEPLOYMENT_TARGET = 13.0;
				MTL_ENABLE_DEBUG_INFO = INCLUDE_SOURCE;
				MTL_FAST_MATH = YES;
				ONLY_ACTIVE_ARCH = YES;
				SDKROOT = iphoneos;
				SWIFT_ACTIVE_COMPILATION_CONDITIONS = DEBUG;
				SWIFT_OPTIMIZATION_LEVEL = "-Onone";
				VERSIONING_SYSTEM = "apple-generic";
				VERSION_INFO_PREFIX = "";
			};
			name = Debug;
		};
		02578366267A6D3F00AC9C5C /* Release */ = {
			isa = XCBuildConfiguration;
			buildSettings = {
				ALWAYS_SEARCH_USER_PATHS = NO;
				CLANG_ANALYZER_NONNULL = YES;
				CLANG_ANALYZER_NUMBER_OBJECT_CONVERSION = YES_AGGRESSIVE;
				CLANG_CXX_LANGUAGE_STANDARD = "gnu++14";
				CLANG_CXX_LIBRARY = "libc++";
				CLANG_ENABLE_MODULES = YES;
				CLANG_ENABLE_OBJC_ARC = YES;
				CLANG_ENABLE_OBJC_WEAK = YES;
				CLANG_WARN_BLOCK_CAPTURE_AUTORELEASING = YES;
				CLANG_WARN_BOOL_CONVERSION = YES;
				CLANG_WARN_COMMA = YES;
				CLANG_WARN_CONSTANT_CONVERSION = YES;
				CLANG_WARN_DEPRECATED_OBJC_IMPLEMENTATIONS = YES;
				CLANG_WARN_DIRECT_OBJC_ISA_USAGE = YES_ERROR;
				CLANG_WARN_DOCUMENTATION_COMMENTS = YES;
				CLANG_WARN_EMPTY_BODY = YES;
				CLANG_WARN_ENUM_CONVERSION = YES;
				CLANG_WARN_INFINITE_RECURSION = YES;
				CLANG_WARN_INT_CONVERSION = YES;
				CLANG_WARN_NON_LITERAL_NULL_CONVERSION = YES;
				CLANG_WARN_OBJC_IMPLICIT_RETAIN_SELF = YES;
				CLANG_WARN_OBJC_LITERAL_CONVERSION = YES;
				CLANG_WARN_OBJC_ROOT_CLASS = YES_ERROR;
				CLANG_WARN_QUOTED_INCLUDE_IN_FRAMEWORK_HEADER = YES;
				CLANG_WARN_RANGE_LOOP_ANALYSIS = YES;
				CLANG_WARN_STRICT_PROTOTYPES = YES;
				CLANG_WARN_SUSPICIOUS_MOVE = YES;
				CLANG_WARN_UNGUARDED_AVAILABILITY = YES_AGGRESSIVE;
				CLANG_WARN_UNREACHABLE_CODE = YES;
				CLANG_WARN__DUPLICATE_METHOD_MATCH = YES;
				COPY_PHASE_STRIP = NO;
				CURRENT_PROJECT_VERSION = 1;
				DEBUG_INFORMATION_FORMAT = "dwarf-with-dsym";
				ENABLE_NS_ASSERTIONS = NO;
				ENABLE_STRICT_OBJC_MSGSEND = YES;
				GCC_C_LANGUAGE_STANDARD = gnu11;
				GCC_NO_COMMON_BLOCKS = YES;
				GCC_WARN_64_TO_32_BIT_CONVERSION = YES;
				GCC_WARN_ABOUT_RETURN_TYPE = YES_ERROR;
				GCC_WARN_UNDECLARED_SELECTOR = YES;
				GCC_WARN_UNINITIALIZED_AUTOS = YES_AGGRESSIVE;
				GCC_WARN_UNUSED_FUNCTION = YES;
				GCC_WARN_UNUSED_VARIABLE = YES;
				IPHONEOS_DEPLOYMENT_TARGET = 13.0;
				MTL_ENABLE_DEBUG_INFO = NO;
				MTL_FAST_MATH = YES;
				SDKROOT = iphoneos;
				SWIFT_COMPILATION_MODE = wholemodule;
				SWIFT_OPTIMIZATION_LEVEL = "-O";
				VALIDATE_PRODUCT = YES;
				VERSIONING_SYSTEM = "apple-generic";
				VERSION_INFO_PREFIX = "";
			};
			name = Release;
		};
		02578368267A6D3F00AC9C5C /* Debug */ = {
			isa = XCBuildConfiguration;
			buildSettings = {
				CLANG_ENABLE_MODULES = YES;
				CODE_SIGN_STYLE = Automatic;
				DEFINES_MODULE = YES;
				DEVELOPMENT_TEAM = VLPM2772QL;
				DYLIB_COMPATIBILITY_VERSION = 1;
				DYLIB_CURRENT_VERSION = 1;
				DYLIB_INSTALL_NAME_BASE = "@rpath";
				INFOPLIST_FILE = DictionaryEncoder/Info.plist;
				INSTALL_PATH = "$(LOCAL_LIBRARY_DIR)/Frameworks";
				LD_RUNPATH_SEARCH_PATHS = (
					"$(inherited)",
					"@executable_path/Frameworks",
					"@loader_path/Frameworks",
				);
				PRODUCT_BUNDLE_IDENTIFIER = com.vodafonegr.DictionaryEncoder;
				PRODUCT_NAME = "$(TARGET_NAME:c99extidentifier)";
				SKIP_INSTALL = YES;
				SWIFT_OPTIMIZATION_LEVEL = "-Onone";
				SWIFT_VERSION = 5.0;
				TARGETED_DEVICE_FAMILY = "1,2";
			};
			name = Debug;
		};
		02578369267A6D3F00AC9C5C /* Release */ = {
			isa = XCBuildConfiguration;
			buildSettings = {
				CLANG_ENABLE_MODULES = YES;
				CODE_SIGN_STYLE = Automatic;
				DEFINES_MODULE = YES;
				DEVELOPMENT_TEAM = VLPM2772QL;
				DYLIB_COMPATIBILITY_VERSION = 1;
				DYLIB_CURRENT_VERSION = 1;
				DYLIB_INSTALL_NAME_BASE = "@rpath";
				INFOPLIST_FILE = DictionaryEncoder/Info.plist;
				INSTALL_PATH = "$(LOCAL_LIBRARY_DIR)/Frameworks";
				LD_RUNPATH_SEARCH_PATHS = (
					"$(inherited)",
					"@executable_path/Frameworks",
					"@loader_path/Frameworks",
				);
				PRODUCT_BUNDLE_IDENTIFIER = com.vodafonegr.DictionaryEncoder;
				PRODUCT_NAME = "$(TARGET_NAME:c99extidentifier)";
				SKIP_INSTALL = YES;
				SWIFT_VERSION = 5.0;
				TARGETED_DEVICE_FAMILY = "1,2";
			};
			name = Release;
		};
		0257836B267A6D3F00AC9C5C /* Debug */ = {
			isa = XCBuildConfiguration;
			buildSettings = {
				ALWAYS_EMBED_SWIFT_STANDARD_LIBRARIES = YES;
				CODE_SIGN_STYLE = Automatic;
				DEVELOPMENT_TEAM = VLPM2772QL;
				INFOPLIST_FILE = DictionaryEncoderTests/Info.plist;
				LD_RUNPATH_SEARCH_PATHS = (
					"$(inherited)",
					"@executable_path/Frameworks",
					"@loader_path/Frameworks",
				);
				PRODUCT_BUNDLE_IDENTIFIER = com.vodafonegr.DictionaryEncoderTests;
				PRODUCT_NAME = "$(TARGET_NAME)";
				SWIFT_VERSION = 5.0;
				TARGETED_DEVICE_FAMILY = "1,2";
			};
			name = Debug;
		};
		0257836C267A6D3F00AC9C5C /* Release */ = {
			isa = XCBuildConfiguration;
			buildSettings = {
				ALWAYS_EMBED_SWIFT_STANDARD_LIBRARIES = YES;
				CODE_SIGN_STYLE = Automatic;
				DEVELOPMENT_TEAM = VLPM2772QL;
				INFOPLIST_FILE = DictionaryEncoderTests/Info.plist;
				LD_RUNPATH_SEARCH_PATHS = (
					"$(inherited)",
					"@executable_path/Frameworks",
					"@loader_path/Frameworks",
				);
				PRODUCT_BUNDLE_IDENTIFIER = com.vodafonegr.DictionaryEncoderTests;
				PRODUCT_NAME = "$(TARGET_NAME)";
				SWIFT_VERSION = 5.0;
				TARGETED_DEVICE_FAMILY = "1,2";
			};
			name = Release;
		};
/* End XCBuildConfiguration section */

/* Begin XCConfigurationList section */
		0257834D267A6D3F00AC9C5C /* Build configuration list for PBXProject "DictionaryEncoder" */ = {
			isa = XCConfigurationList;
			buildConfigurations = (
				02578365267A6D3F00AC9C5C /* Debug */,
				02578366267A6D3F00AC9C5C /* Release */,
			);
			defaultConfigurationIsVisible = 0;
			defaultConfigurationName = Release;
		};
		02578367267A6D3F00AC9C5C /* Build configuration list for PBXNativeTarget "DictionaryEncoder" */ = {
			isa = XCConfigurationList;
			buildConfigurations = (
				02578368267A6D3F00AC9C5C /* Debug */,
				02578369267A6D3F00AC9C5C /* Release */,
			);
			defaultConfigurationIsVisible = 0;
			defaultConfigurationName = Release;
		};
		0257836A267A6D3F00AC9C5C /* Build configuration list for PBXNativeTarget "DictionaryEncoderTests" */ = {
			isa = XCConfigurationList;
			buildConfigurations = (
				0257836B267A6D3F00AC9C5C /* Debug */,
				0257836C267A6D3F00AC9C5C /* Release */,
			);
			defaultConfigurationIsVisible = 0;
			defaultConfigurationName = Release;
		};
/* End XCConfigurationList section */
	};
	rootObject = 0257834A267A6D3F00AC9C5C /* Project object */;
}
